
Microsoft Visual Studio Solution File, Format Version 12.00
# Visual Studio Version 16
VisualStudioVersion = 16.0.31729.503
MinimumVisualStudioVersion = 10.0.40219.1
Project("{9A19103F-16F7-4668-BE54-9A1E7A4F7556}") = "test", "test.csproj", "{A10450C9-1DA5-4BAD-A371-4C4BCD5EE6F8}"
EndProject
Global
	GlobalSection(SolutionConfigurationPlatforms) = preSolution
		Debug|Any CPU = Debug|Any CPU
		Release|Any CPU = Release|Any CPU
	EndGlobalSection
	GlobalSection(ProjectConfigurationPlatforms) = postSolution
		{A10450C9-1DA5-4BAD-A371-4C4BCD5EE6F8}.Debug|Any CPU.ActiveCfg = Debug|Any CPU
		{A10450C9-1DA5-4BAD-A371-4C4BCD5EE6F8}.Debug|Any CPU.Build.0 = Debug|Any CPU
		{A10450C9-1DA5-4BAD-A371-4C4BCD5EE6F8}.Release|Any CPU.ActiveCfg = Release|Any CPU
		{A10450C9-1DA5-4BAD-A371-4C4BCD5EE6F8}.Release|Any CPU.Build.0 = Release|Any CPU
	EndGlobalSection
	GlobalSection(SolutionProperties) = preSolution
		HideSolutionNode = FALSE
	EndGlobalSection
	GlobalSection(ExtensibilityGlobals) = postSolution
		SolutionGuid = {B1B70CDB-F915-47A1-9364-3C0BBAACFB84}
	EndGlobalSection
EndGlobal
